{
  "name": "hyper-samewd",
  "version": "1.0.5",
  "lockfileVersion": 1,
  "requires": true,
  "dependencies": {
    "pid-cwd": {
      "version": "1.1.1",
      "resolved": "https://registry.npmjs.org/pid-cwd/-/pid-cwd-1.1.1.tgz",
      "integrity": "sha512-cdIXKtoyjiVrMdz6j1bnqNME0L/e3wYZNZwnSTbcDqdZtky0AFh3YOky6KT7KXBgLmnm6K2LFF3zwOFjD6uvYw=="
    }
  }
}
