{
  "name": "hyper-samewd",
  "version": "1.0.5",
  "lockfileVersion": 1,
  "requires": true,
  "dependencies": {
    "pid-cwd": {
      "version": "1.2.0",
      "resolved": "https://registry.npmjs.org/pid-cwd/-/pid-cwd-1.2.0.tgz",
      "integrity": "sha512-8QQzIdBmy4bd2l1NKWON1X8flO5TQQRzU2uRDua/XaxSC0iJ+rgbDrlX76t0W3DaJ7OevTYpftyvQ6oMe3hclQ=="
    }
  }
}
